{
  "name": "tree-sitter-hcl2",
  "version": "0.0.1",
  "lockfileVersion": 1,
  "requires": true,
  "dependencies": {
    "tree-sitter-cli": {
      "version": "0.16.7",
      "resolved": "https://registry.npmjs.org/tree-sitter-cli/-/tree-sitter-cli-0.16.7.tgz",
      "integrity": "sha512-nupMLwveMlOCni7VoenQb02h0tBZvX1wpXW5r5hRKpliOQO/Mvau+X1Ug1hvYlnCGgqPQqYFIOoumT87nJBkhA==",
      "dev": true
    }
  }
}
